
Microsoft Visual Studio Solution File, Format Version 12.00
# Visual Studio Version 16
VisualStudioVersion = 16.0.31624.102
MinimumVisualStudioVersion = 10.0.40219.1
Project("{FAE04EC0-301F-11D3-BF4B-00C04F79EFBC}") = "EasyDbMigrator", "EasyDbMigrator\EasyDbMigrator.csproj", "{8F72D2B1-71DF-455F-994F-41E32780233F}"
EndProject
Project("{FAE04EC0-301F-11D3-BF4B-00C04F79EFBC}") = "EasyDbMigratorTests", "EasyDbMigratorTests\EasyDbMigratorTests.csproj", "{C440DB68-A61F-425C-AB06-39A8B475655A}"
EndProject
Project("{2150E333-8FDC-42A3-9474-1A3956D46DE8}") = "Solution Items", "Solution Items", "{6F223ADD-7137-481D-A871-D44C9FF8DE15}"
	ProjectSection(SolutionItems) = preProject
		.editorconfig = .editorconfig
	EndProjectSection
EndProject
Global
	GlobalSection(SolutionConfigurationPlatforms) = preSolution
		Debug|Any CPU = Debug|Any CPU
		Release|Any CPU = Release|Any CPU
	EndGlobalSection
	GlobalSection(ProjectConfigurationPlatforms) = postSolution
		{8F72D2B1-71DF-455F-994F-41E32780233F}.Debug|Any CPU.ActiveCfg = Debug|Any CPU
		{8F72D2B1-71DF-455F-994F-41E32780233F}.Debug|Any CPU.Build.0 = Debug|Any CPU
		{8F72D2B1-71DF-455F-994F-41E32780233F}.Release|Any CPU.ActiveCfg = Release|Any CPU
		{8F72D2B1-71DF-455F-994F-41E32780233F}.Release|Any CPU.Build.0 = Release|Any CPU
		{C440DB68-A61F-425C-AB06-39A8B475655A}.Debug|Any CPU.ActiveCfg = Debug|Any CPU
		{C440DB68-A61F-425C-AB06-39A8B475655A}.Debug|Any CPU.Build.0 = Debug|Any CPU
		{C440DB68-A61F-425C-AB06-39A8B475655A}.Release|Any CPU.ActiveCfg = Release|Any CPU
		{C440DB68-A61F-425C-AB06-39A8B475655A}.Release|Any CPU.Build.0 = Release|Any CPU
	EndGlobalSection
	GlobalSection(SolutionProperties) = preSolution
		HideSolutionNode = FALSE
	EndGlobalSection
	GlobalSection(ExtensibilityGlobals) = postSolution
		SolutionGuid = {F84742D9-8D6E-4091-B667-A81BB37AADF2}
	EndGlobalSection
EndGlobal
